
Microsoft Visual Studio Solution File, Format Version 12.00
# Visual Studio Version 16
VisualStudioVersion = 16.0.29613.14
MinimumVisualStudioVersion = 10.0.40219.1
Project("{FAE04EC0-301F-11D3-BF4B-00C04F79EFBC}") = "CheckoutKataTests", "CheckoutKataTests\CheckoutKataTests.csproj", "{08EEF4D9-41A4-4C38-B63A-C521DF18498D}"
EndProject
Project("{FAE04EC0-301F-11D3-BF4B-00C04F79EFBC}") = "CheckoutKata", "CheckoutKata\CheckoutKata.csproj", "{FA74F96D-EA19-400C-9861-CA69C73F2580}"
EndProject
Global
	GlobalSection(SolutionConfigurationPlatforms) = preSolution
		Debug|Any CPU = Debug|Any CPU
		Release|Any CPU = Release|Any CPU
	EndGlobalSection
	GlobalSection(ProjectConfigurationPlatforms) = postSolution
		{08EEF4D9-41A4-4C38-B63A-C521DF18498D}.Debug|Any CPU.ActiveCfg = Debug|Any CPU
		{08EEF4D9-41A4-4C38-B63A-C521DF18498D}.Debug|Any CPU.Build.0 = Debug|Any CPU
		{08EEF4D9-41A4-4C38-B63A-C521DF18498D}.Release|Any CPU.ActiveCfg = Release|Any CPU
		{08EEF4D9-41A4-4C38-B63A-C521DF18498D}.Release|Any CPU.Build.0 = Release|Any CPU
		{FA74F96D-EA19-400C-9861-CA69C73F2580}.Debug|Any CPU.ActiveCfg = Debug|Any CPU
		{FA74F96D-EA19-400C-9861-CA69C73F2580}.Debug|Any CPU.Build.0 = Debug|Any CPU
		{FA74F96D-EA19-400C-9861-CA69C73F2580}.Release|Any CPU.ActiveCfg = Release|Any CPU
		{FA74F96D-EA19-400C-9861-CA69C73F2580}.Release|Any CPU.Build.0 = Release|Any CPU
	EndGlobalSection
	GlobalSection(SolutionProperties) = preSolution
		HideSolutionNode = FALSE
	EndGlobalSection
	GlobalSection(ExtensibilityGlobals) = postSolution
		SolutionGuid = {18879DFC-EE33-45B0-AC17-D2E8D9668D72}
	EndGlobalSection
EndGlobal
